
Microsoft Visual Studio Solution File, Format Version 12.00
# Visual Studio Version 16
Project("{2150E333-8FDC-42A3-9474-1A3956D46DE8}") = "CMakePredefinedTargets", "CMakePredefinedTargets", "{74F11A97-A360-3606-9780-60748BC231F7}"
EndProject
Project("{2150E333-8FDC-42A3-9474-1A3956D46DE8}") = "Examples", "Examples", "{A2D8511E-3113-3FC5-ACFA-D379B0857782}"
EndProject
Project("{2150E333-8FDC-42A3-9474-1A3956D46DE8}") = "Tutorial", "Examples\Tutorial", "{D8A284EF-D3E7-33F0-97B6-41DD0B4C7307}"
EndProject
Project("{2150E333-8FDC-42A3-9474-1A3956D46DE8}") = "C++ API", "Examples\Tutorial\C++ API", "{B583C812-36F2-36B6-844F-D0A454C9C50E}"
EndProject
Project("{2150E333-8FDC-42A3-9474-1A3956D46DE8}") = "Deprecated", "Examples\Tutorial\Deprecated", "{895EC89D-924D-3492-A2D9-450F413E148E}"
EndProject
Project("{2150E333-8FDC-42A3-9474-1A3956D46DE8}") = "OpenPose library", "OpenPose library", "{19DBC503-EA99-346D-AF0B-193DF66E5D8B}"
EndProject
Project("{8BC9CEB8-8B4A-11D0-8D11-00A0C91BC942}") = "OpenPoseDemo", "examples\openpose\OpenPoseDemo.vcxproj", "{8995D8E2-B4BB-32D6-B8B8-C506FB819B0E}"
	ProjectSection(ProjectDependencies) = postProject
		{B7AE2901-38B3-36CF-BA99-7446F2787EF6} = {B7AE2901-38B3-36CF-BA99-7446F2787EF6}
	EndProjectSection
EndProject
Project("{8BC9CEB8-8B4A-11D0-8D11-00A0C91BC942}") = "01_body_from_image_default", "examples\tutorial_api_cpp\01_body_from_image_default.vcxproj", "{4DEE994B-08FE-3C57-B394-DD85AA9EBDD5}"
	ProjectSection(ProjectDependencies) = postProject
		{B7AE2901-38B3-36CF-BA99-7446F2787EF6} = {B7AE2901-38B3-36CF-BA99-7446F2787EF6}
	EndProjectSection
EndProject
Project("{8BC9CEB8-8B4A-11D0-8D11-00A0C91BC942}") = "02_whole_body_from_image_default", "examples\tutorial_api_cpp\02_whole_body_from_image_default.vcxproj", "{072B1F20-F5D6-3E8C-91FD-6D8C66FA29B1}"
	ProjectSection(ProjectDependencies) = postProject
		{B7AE2901-38B3-36CF-BA99-7446F2787EF6} = {B7AE2901-38B3-36CF-BA99-7446F2787EF6}
	EndProjectSection
EndProject
Project("{8BC9CEB8-8B4A-11D0-8D11-00A0C91BC942}") = "03_keypoints_from_image", "examples\tutorial_api_cpp\03_keypoints_from_image.vcxproj", "{D592A9A9-2B89-3322-88C9-EAD8BFACC571}"
	ProjectSection(ProjectDependencies) = postProject
		{B7AE2901-38B3-36CF-BA99-7446F2787EF6} = {B7AE2901-38B3-36CF-BA99-7446F2787EF6}
	EndProjectSection
EndProject
Project("{8BC9CEB8-8B4A-11D0-8D11-00A0C91BC942}") = "04_keypoints_from_images", "examples\tutorial_api_cpp\04_keypoints_from_images.vcxproj", "{85C8E4BE-A8E9-3E2A-899E-4D94529297C3}"
	ProjectSection(ProjectDependencies) = postProject
		{B7AE2901-38B3-36CF-BA99-7446F2787EF6} = {B7AE2901-38B3-36CF-BA99-7446F2787EF6}
	EndProjectSection
EndProject
Project("{8BC9CEB8-8B4A-11D0-8D11-00A0C91BC942}") = "05_keypoints_from_images_multi_gpu", "examples\tutorial_api_cpp\05_keypoints_from_images_multi_gpu.vcxproj", "{E34FB601-8113-309B-9D44-AB48C7B59EE3}"
	ProjectSection(ProjectDependencies) = postProject
		{B7AE2901-38B3-36CF-BA99-7446F2787EF6} = {B7AE2901-38B3-36CF-BA99-7446F2787EF6}
	EndProjectSection
EndProject
Project("{8BC9CEB8-8B4A-11D0-8D11-00A0C91BC942}") = "06_face_from_image", "examples\tutorial_api_cpp\06_face_from_image.vcxproj", "{B6164EB5-1D70-37B0-9358-B458A25B0649}"
	ProjectSection(ProjectDependencies) = postProject
		{B7AE2901-38B3-36CF-BA99-7446F2787EF6} = {B7AE2901-38B3-36CF-BA99-7446F2787EF6}
	EndProjectSection
EndProject
Project("{8BC9CEB8-8B4A-11D0-8D11-00A0C91BC942}") = "07_hand_from_image", "examples\tutorial_api_cpp\07_hand_from_image.vcxproj", "{82C3608B-F8CF-3494-AB1F-B8BD8CB06BB1}"
	ProjectSection(ProjectDependencies) = postProject
		{B7AE2901-38B3-36CF-BA99-7446F2787EF6} = {B7AE2901-38B3-36CF-BA99-7446F2787EF6}
	EndProjectSection
EndProject
Project("{8BC9CEB8-8B4A-11D0-8D11-00A0C91BC942}") = "08_heatmaps_from_image", "examples\tutorial_api_cpp\08_heatmaps_from_image.vcxproj", "{A98396DD-27E2-3843-8BA8-AF5697428C4E}"
	ProjectSection(ProjectDependencies) = postProject
		{B7AE2901-38B3-36CF-BA99-7446F2787EF6} = {B7AE2901-38B3-36CF-BA99-7446F2787EF6}
	EndProjectSection
EndProject
Project("{8BC9CEB8-8B4A-11D0-8D11-00A0C91BC942}") = "09_keypoints_from_heatmaps", "examples\tutorial_api_cpp\09_keypoints_from_heatmaps.vcxproj", "{9C7DFA93-5697-3A54-AC9E-10889ABFC7AE}"
	ProjectSection(ProjectDependencies) = postProject
		{B7AE2901-38B3-36CF-BA99-7446F2787EF6} = {B7AE2901-38B3-36CF-BA99-7446F2787EF6}
	EndProjectSection
EndProject
Project("{8BC9CEB8-8B4A-11D0-8D11-00A0C91BC942}") = "10_asynchronous_custom_input", "examples\tutorial_api_cpp\10_asynchronous_custom_input.vcxproj", "{E8CFF036-1CD1-3AC4-8EC2-80A3BCDA05A9}"
	ProjectSection(ProjectDependencies) = postProject
		{B7AE2901-38B3-36CF-BA99-7446F2787EF6} = {B7AE2901-38B3-36CF-BA99-7446F2787EF6}
	EndProjectSection
EndProject
Project("{8BC9CEB8-8B4A-11D0-8D11-00A0C91BC942}") = "11_asynchronous_custom_input_multi_camera", "examples\tutorial_api_cpp\11_asynchronous_custom_input_multi_camera.vcxproj", "{6B5638B2-3DF7-3313-9C53-71CA5EE5B06A}"
	ProjectSection(ProjectDependencies) = postProject
		{B7AE2901-38B3-36CF-BA99-7446F2787EF6} = {B7AE2901-38B3-36CF-BA99-7446F2787EF6}
	EndProjectSection
EndProject
Project("{8BC9CEB8-8B4A-11D0-8D11-00A0C91BC942}") = "12_asynchronous_custom_output", "examples\tutorial_api_cpp\12_asynchronous_custom_output.vcxproj", "{C16DF4B4-E2D1-3A2E-97F5-DFFC6B467B00}"
	ProjectSection(ProjectDependencies) = postProject
		{B7AE2901-38B3-36CF-BA99-7446F2787EF6} = {B7AE2901-38B3-36CF-BA99-7446F2787EF6}
	EndProjectSection
EndProject
Project("{8BC9CEB8-8B4A-11D0-8D11-00A0C91BC942}") = "13_asynchronous_custom_input_output_and_datum", "examples\tutorial_api_cpp\13_asynchronous_custom_input_output_and_datum.vcxproj", "{3E93AF25-7B9A-30C7-BE9C-21C794EFD44C}"
	ProjectSection(ProjectDependencies) = postProject
		{B7AE2901-38B3-36CF-BA99-7446F2787EF6} = {B7AE2901-38B3-36CF-BA99-7446F2787EF6}
	EndProjectSection
EndProject
Project("{8BC9CEB8-8B4A-11D0-8D11-00A0C91BC942}") = "14_synchronous_custom_input", "examples\tutorial_api_cpp\14_synchronous_custom_input.vcxproj", "{7A8BDA2F-9C26-3062-BD0E-54360DC8E1AA}"
	ProjectSection(ProjectDependencies) = postProject
		{B7AE2901-38B3-36CF-BA99-7446F2787EF6} = {B7AE2901-38B3-36CF-BA99-7446F2787EF6}
	EndProjectSection
EndProject
Project("{8BC9CEB8-8B4A-11D0-8D11-00A0C91BC942}") = "15_synchronous_custom_preprocessing", "examples\tutorial_api_cpp\15_synchronous_custom_preprocessing.vcxproj", "{CE28A139-4A70-349A-A4B2-8EDD0258873B}"
	ProjectSection(ProjectDependencies) = postProject
		{B7AE2901-38B3-36CF-BA99-7446F2787EF6} = {B7AE2901-38B3-36CF-BA99-7446F2787EF6}
	EndProjectSection
EndProject
Project("{8BC9CEB8-8B4A-11D0-8D11-00A0C91BC942}") = "16_synchronous_custom_postprocessing", "examples\tutorial_api_cpp\16_synchronous_custom_postprocessing.vcxproj", "{53DBD0C9-D389-37E7-A8C2-5AD7369FCD7B}"
	ProjectSection(ProjectDependencies) = postProject
		{B7AE2901-38B3-36CF-BA99-7446F2787EF6} = {B7AE2901-38B3-36CF-BA99-7446F2787EF6}
	EndProjectSection
EndProject
Project("{8BC9CEB8-8B4A-11D0-8D11-00A0C91BC942}") = "17_synchronous_custom_output", "examples\tutorial_api_cpp\17_synchronous_custom_output.vcxproj", "{C967DF13-F66E-3BA8-9529-E15DB23073E2}"
	ProjectSection(ProjectDependencies) = postProject
		{B7AE2901-38B3-36CF-BA99-7446F2787EF6} = {B7AE2901-38B3-36CF-BA99-7446F2787EF6}
	EndProjectSection
EndProject
Project("{8BC9CEB8-8B4A-11D0-8D11-00A0C91BC942}") = "18_synchronous_custom_all_and_datum", "examples\tutorial_api_cpp\18_synchronous_custom_all_and_datum.vcxproj", "{FF9906F0-766E-32C7-BD41-B5DC886F1D80}"
	ProjectSection(ProjectDependencies) = postProject
		{B7AE2901-38B3-36CF-BA99-7446F2787EF6} = {B7AE2901-38B3-36CF-BA99-7446F2787EF6}
	EndProjectSection
EndProject
Project("{8BC9CEB8-8B4A-11D0-8D11-00A0C91BC942}") = "ALL_BUILD", "ALL_BUILD.vcxproj", "{6A4C2230-1CDD-3405-A65E-BDC0B88FFBCF}"
	ProjectSection(ProjectDependencies) = postProject
		{4DEE994B-08FE-3C57-B394-DD85AA9EBDD5} = {4DEE994B-08FE-3C57-B394-DD85AA9EBDD5}
		{072B1F20-F5D6-3E8C-91FD-6D8C66FA29B1} = {072B1F20-F5D6-3E8C-91FD-6D8C66FA29B1}
		{D592A9A9-2B89-3322-88C9-EAD8BFACC571} = {D592A9A9-2B89-3322-88C9-EAD8BFACC571}
		{85C8E4BE-A8E9-3E2A-899E-4D94529297C3} = {85C8E4BE-A8E9-3E2A-899E-4D94529297C3}
		{E34FB601-8113-309B-9D44-AB48C7B59EE3} = {E34FB601-8113-309B-9D44-AB48C7B59EE3}
		{B6164EB5-1D70-37B0-9358-B458A25B0649} = {B6164EB5-1D70-37B0-9358-B458A25B0649}
		{82C3608B-F8CF-3494-AB1F-B8BD8CB06BB1} = {82C3608B-F8CF-3494-AB1F-B8BD8CB06BB1}
		{A98396DD-27E2-3843-8BA8-AF5697428C4E} = {A98396DD-27E2-3843-8BA8-AF5697428C4E}
		{9C7DFA93-5697-3A54-AC9E-10889ABFC7AE} = {9C7DFA93-5697-3A54-AC9E-10889ABFC7AE}
		{E8CFF036-1CD1-3AC4-8EC2-80A3BCDA05A9} = {E8CFF036-1CD1-3AC4-8EC2-80A3BCDA05A9}
		{6B5638B2-3DF7-3313-9C53-71CA5EE5B06A} = {6B5638B2-3DF7-3313-9C53-71CA5EE5B06A}
		{C16DF4B4-E2D1-3A2E-97F5-DFFC6B467B00} = {C16DF4B4-E2D1-3A2E-97F5-DFFC6B467B00}
		{3E93AF25-7B9A-30C7-BE9C-21C794EFD44C} = {3E93AF25-7B9A-30C7-BE9C-21C794EFD44C}
		{7A8BDA2F-9C26-3062-BD0E-54360DC8E1AA} = {7A8BDA2F-9C26-3062-BD0E-54360DC8E1AA}
		{CE28A139-4A70-349A-A4B2-8EDD0258873B} = {CE28A139-4A70-349A-A4B2-8EDD0258873B}
		{53DBD0C9-D389-37E7-A8C2-5AD7369FCD7B} = {53DBD0C9-D389-37E7-A8C2-5AD7369FCD7B}
		{C967DF13-F66E-3BA8-9529-E15DB23073E2} = {C967DF13-F66E-3BA8-9529-E15DB23073E2}
		{FF9906F0-766E-32C7-BD41-B5DC886F1D80} = {FF9906F0-766E-32C7-BD41-B5DC886F1D80}
		{1C267790-6BDB-338A-8415-B5B5930386B8} = {1C267790-6BDB-338A-8415-B5B5930386B8}
		{8995D8E2-B4BB-32D6-B8B8-C506FB819B0E} = {8995D8E2-B4BB-32D6-B8B8-C506FB819B0E}
		{B7AE2901-38B3-36CF-BA99-7446F2787EF6} = {B7AE2901-38B3-36CF-BA99-7446F2787EF6}
		{7D2C1B08-2C7D-3354-B7F2-46FE85081727} = {7D2C1B08-2C7D-3354-B7F2-46FE85081727}
		{CEE28FC7-708E-3003-8157-FBF5760956CD} = {CEE28FC7-708E-3003-8157-FBF5760956CD}
		{3C5EE5C8-B3EC-3568-9E52-77EA37164371} = {3C5EE5C8-B3EC-3568-9E52-77EA37164371}
	EndProjectSection
EndProject
Project("{8BC9CEB8-8B4A-11D0-8D11-00A0C91BC942}") = "Calibration", "examples\calibration\Calibration.vcxproj", "{1C267790-6BDB-338A-8415-B5B5930386B8}"
	ProjectSection(ProjectDependencies) = postProject
		{B7AE2901-38B3-36CF-BA99-7446F2787EF6} = {B7AE2901-38B3-36CF-BA99-7446F2787EF6}
	EndProjectSection
EndProject
Project("{8BC9CEB8-8B4A-11D0-8D11-00A0C91BC942}") = "openpose", "src\openpose\openpose.vcxproj", "{B7AE2901-38B3-36CF-BA99-7446F2787EF6}"
	ProjectSection(ProjectDependencies) = postProject
	EndProjectSection
EndProject
Project("{8BC9CEB8-8B4A-11D0-8D11-00A0C91BC942}") = "tutorial_add_module_custom_post_processing", "examples\deprecated\tutorial_add_module_custom_post_processing.vcxproj", "{7D2C1B08-2C7D-3354-B7F2-46FE85081727}"
	ProjectSection(ProjectDependencies) = postProject
		{B7AE2901-38B3-36CF-BA99-7446F2787EF6} = {B7AE2901-38B3-36CF-BA99-7446F2787EF6}
	EndProjectSection
EndProject
Project("{8BC9CEB8-8B4A-11D0-8D11-00A0C91BC942}") = "tutorial_api_thread_1_user_processing_function", "examples\deprecated\tutorial_api_thread_1_user_processing_function.vcxproj", "{CEE28FC7-708E-3003-8157-FBF5760956CD}"
	ProjectSection(ProjectDependencies) = postProject
		{B7AE2901-38B3-36CF-BA99-7446F2787EF6} = {B7AE2901-38B3-36CF-BA99-7446F2787EF6}
	EndProjectSection
EndProject
Project("{8BC9CEB8-8B4A-11D0-8D11-00A0C91BC942}") = "tutorial_api_thread_2_user_input_processing_output_and_datum", "examples\deprecated\tutorial_api_thread_2_user_input_processing_output_and_datum.vcxproj", "{3C5EE5C8-B3EC-3568-9E52-77EA37164371}"
	ProjectSection(ProjectDependencies) = postProject
		{B7AE2901-38B3-36CF-BA99-7446F2787EF6} = {B7AE2901-38B3-36CF-BA99-7446F2787EF6}
	EndProjectSection
EndProject
Global
	GlobalSection(SolutionConfigurationPlatforms) = preSolution
		Release|x64 = Release|x64
		Debug|x64 = Debug|x64
	EndGlobalSection
	GlobalSection(ProjectConfigurationPlatforms) = postSolution
		{8995D8E2-B4BB-32D6-B8B8-C506FB819B0E}.Release|x64.ActiveCfg = Release|x64
		{8995D8E2-B4BB-32D6-B8B8-C506FB819B0E}.Release|x64.Build.0 = Release|x64
		{8995D8E2-B4BB-32D6-B8B8-C506FB819B0E}.Debug|x64.ActiveCfg = Debug|x64
		{8995D8E2-B4BB-32D6-B8B8-C506FB819B0E}.Debug|x64.Build.0 = Debug|x64
		{4DEE994B-08FE-3C57-B394-DD85AA9EBDD5}.Release|x64.ActiveCfg = Release|x64
		{4DEE994B-08FE-3C57-B394-DD85AA9EBDD5}.Release|x64.Build.0 = Release|x64
		{4DEE994B-08FE-3C57-B394-DD85AA9EBDD5}.Debug|x64.ActiveCfg = Debug|x64
		{4DEE994B-08FE-3C57-B394-DD85AA9EBDD5}.Debug|x64.Build.0 = Debug|x64
		{072B1F20-F5D6-3E8C-91FD-6D8C66FA29B1}.Release|x64.ActiveCfg = Release|x64
		{072B1F20-F5D6-3E8C-91FD-6D8C66FA29B1}.Release|x64.Build.0 = Release|x64
		{072B1F20-F5D6-3E8C-91FD-6D8C66FA29B1}.Debug|x64.ActiveCfg = Debug|x64
		{072B1F20-F5D6-3E8C-91FD-6D8C66FA29B1}.Debug|x64.Build.0 = Debug|x64
		{D592A9A9-2B89-3322-88C9-EAD8BFACC571}.Release|x64.ActiveCfg = Release|x64
		{D592A9A9-2B89-3322-88C9-EAD8BFACC571}.Release|x64.Build.0 = Release|x64
		{D592A9A9-2B89-3322-88C9-EAD8BFACC571}.Debug|x64.ActiveCfg = Debug|x64
		{D592A9A9-2B89-3322-88C9-EAD8BFACC571}.Debug|x64.Build.0 = Debug|x64
		{85C8E4BE-A8E9-3E2A-899E-4D94529297C3}.Release|x64.ActiveCfg = Release|x64
		{85C8E4BE-A8E9-3E2A-899E-4D94529297C3}.Release|x64.Build.0 = Release|x64
		{85C8E4BE-A8E9-3E2A-899E-4D94529297C3}.Debug|x64.ActiveCfg = Debug|x64
		{85C8E4BE-A8E9-3E2A-899E-4D94529297C3}.Debug|x64.Build.0 = Debug|x64
		{E34FB601-8113-309B-9D44-AB48C7B59EE3}.Release|x64.ActiveCfg = Release|x64
		{E34FB601-8113-309B-9D44-AB48C7B59EE3}.Release|x64.Build.0 = Release|x64
		{E34FB601-8113-309B-9D44-AB48C7B59EE3}.Debug|x64.ActiveCfg = Debug|x64
		{E34FB601-8113-309B-9D44-AB48C7B59EE3}.Debug|x64.Build.0 = Debug|x64
		{B6164EB5-1D70-37B0-9358-B458A25B0649}.Release|x64.ActiveCfg = Release|x64
		{B6164EB5-1D70-37B0-9358-B458A25B0649}.Release|x64.Build.0 = Release|x64
		{B6164EB5-1D70-37B0-9358-B458A25B0649}.Debug|x64.ActiveCfg = Debug|x64
		{B6164EB5-1D70-37B0-9358-B458A25B0649}.Debug|x64.Build.0 = Debug|x64
		{82C3608B-F8CF-3494-AB1F-B8BD8CB06BB1}.Release|x64.ActiveCfg = Release|x64
		{82C3608B-F8CF-3494-AB1F-B8BD8CB06BB1}.Release|x64.Build.0 = Release|x64
		{82C3608B-F8CF-3494-AB1F-B8BD8CB06BB1}.Debug|x64.ActiveCfg = Debug|x64
		{82C3608B-F8CF-3494-AB1F-B8BD8CB06BB1}.Debug|x64.Build.0 = Debug|x64
		{A98396DD-27E2-3843-8BA8-AF5697428C4E}.Release|x64.ActiveCfg = Release|x64
		{A98396DD-27E2-3843-8BA8-AF5697428C4E}.Release|x64.Build.0 = Release|x64
		{A98396DD-27E2-3843-8BA8-AF5697428C4E}.Debug|x64.ActiveCfg = Debug|x64
		{A98396DD-27E2-3843-8BA8-AF5697428C4E}.Debug|x64.Build.0 = Debug|x64
		{9C7DFA93-5697-3A54-AC9E-10889ABFC7AE}.Release|x64.ActiveCfg = Release|x64
		{9C7DFA93-5697-3A54-AC9E-10889ABFC7AE}.Release|x64.Build.0 = Release|x64
		{9C7DFA93-5697-3A54-AC9E-10889ABFC7AE}.Debug|x64.ActiveCfg = Debug|x64
		{9C7DFA93-5697-3A54-AC9E-10889ABFC7AE}.Debug|x64.Build.0 = Debug|x64
		{E8CFF036-1CD1-3AC4-8EC2-80A3BCDA05A9}.Release|x64.ActiveCfg = Release|x64
		{E8CFF036-1CD1-3AC4-8EC2-80A3BCDA05A9}.Release|x64.Build.0 = Release|x64
		{E8CFF036-1CD1-3AC4-8EC2-80A3BCDA05A9}.Debug|x64.ActiveCfg = Debug|x64
		{E8CFF036-1CD1-3AC4-8EC2-80A3BCDA05A9}.Debug|x64.Build.0 = Debug|x64
		{6B5638B2-3DF7-3313-9C53-71CA5EE5B06A}.Release|x64.ActiveCfg = Release|x64
		{6B5638B2-3DF7-3313-9C53-71CA5EE5B06A}.Release|x64.Build.0 = Release|x64
		{6B5638B2-3DF7-3313-9C53-71CA5EE5B06A}.Debug|x64.ActiveCfg = Debug|x64
		{6B5638B2-3DF7-3313-9C53-71CA5EE5B06A}.Debug|x64.Build.0 = Debug|x64
		{C16DF4B4-E2D1-3A2E-97F5-DFFC6B467B00}.Release|x64.ActiveCfg = Release|x64
		{C16DF4B4-E2D1-3A2E-97F5-DFFC6B467B00}.Release|x64.Build.0 = Release|x64
		{C16DF4B4-E2D1-3A2E-97F5-DFFC6B467B00}.Debug|x64.ActiveCfg = Debug|x64
		{C16DF4B4-E2D1-3A2E-97F5-DFFC6B467B00}.Debug|x64.Build.0 = Debug|x64
		{3E93AF25-7B9A-30C7-BE9C-21C794EFD44C}.Release|x64.ActiveCfg = Release|x64
		{3E93AF25-7B9A-30C7-BE9C-21C794EFD44C}.Release|x64.Build.0 = Release|x64
		{3E93AF25-7B9A-30C7-BE9C-21C794EFD44C}.Debug|x64.ActiveCfg = Debug|x64
		{3E93AF25-7B9A-30C7-BE9C-21C794EFD44C}.Debug|x64.Build.0 = Debug|x64
		{7A8BDA2F-9C26-3062-BD0E-54360DC8E1AA}.Release|x64.ActiveCfg = Release|x64
		{7A8BDA2F-9C26-3062-BD0E-54360DC8E1AA}.Release|x64.Build.0 = Release|x64
		{7A8BDA2F-9C26-3062-BD0E-54360DC8E1AA}.Debug|x64.ActiveCfg = Debug|x64
		{7A8BDA2F-9C26-3062-BD0E-54360DC8E1AA}.Debug|x64.Build.0 = Debug|x64
		{CE28A139-4A70-349A-A4B2-8EDD0258873B}.Release|x64.ActiveCfg = Release|x64
		{CE28A139-4A70-349A-A4B2-8EDD0258873B}.Release|x64.Build.0 = Release|x64
		{CE28A139-4A70-349A-A4B2-8EDD0258873B}.Debug|x64.ActiveCfg = Debug|x64
		{CE28A139-4A70-349A-A4B2-8EDD0258873B}.Debug|x64.Build.0 = Debug|x64
		{53DBD0C9-D389-37E7-A8C2-5AD7369FCD7B}.Release|x64.ActiveCfg = Release|x64
		{53DBD0C9-D389-37E7-A8C2-5AD7369FCD7B}.Release|x64.Build.0 = Release|x64
		{53DBD0C9-D389-37E7-A8C2-5AD7369FCD7B}.Debug|x64.ActiveCfg = Debug|x64
		{53DBD0C9-D389-37E7-A8C2-5AD7369FCD7B}.Debug|x64.Build.0 = Debug|x64
		{C967DF13-F66E-3BA8-9529-E15DB23073E2}.Release|x64.ActiveCfg = Release|x64
		{C967DF13-F66E-3BA8-9529-E15DB23073E2}.Release|x64.Build.0 = Release|x64
		{C967DF13-F66E-3BA8-9529-E15DB23073E2}.Debug|x64.ActiveCfg = Debug|x64
		{C967DF13-F66E-3BA8-9529-E15DB23073E2}.Debug|x64.Build.0 = Debug|x64
		{FF9906F0-766E-32C7-BD41-B5DC886F1D80}.Release|x64.ActiveCfg = Release|x64
		{FF9906F0-766E-32C7-BD41-B5DC886F1D80}.Release|x64.Build.0 = Release|x64
		{FF9906F0-766E-32C7-BD41-B5DC886F1D80}.Debug|x64.ActiveCfg = Debug|x64
		{FF9906F0-766E-32C7-BD41-B5DC886F1D80}.Debug|x64.Build.0 = Debug|x64
		{6A4C2230-1CDD-3405-A65E-BDC0B88FFBCF}.Release|x64.ActiveCfg = Release|x64
		{6A4C2230-1CDD-3405-A65E-BDC0B88FFBCF}.Debug|x64.ActiveCfg = Debug|x64
		{1C267790-6BDB-338A-8415-B5B5930386B8}.Release|x64.ActiveCfg = Release|x64
		{1C267790-6BDB-338A-8415-B5B5930386B8}.Release|x64.Build.0 = Release|x64
		{1C267790-6BDB-338A-8415-B5B5930386B8}.Debug|x64.ActiveCfg = Debug|x64
		{1C267790-6BDB-338A-8415-B5B5930386B8}.Debug|x64.Build.0 = Debug|x64
		{B7AE2901-38B3-36CF-BA99-7446F2787EF6}.Release|x64.ActiveCfg = Release|x64
		{B7AE2901-38B3-36CF-BA99-7446F2787EF6}.Release|x64.Build.0 = Release|x64
		{B7AE2901-38B3-36CF-BA99-7446F2787EF6}.Debug|x64.ActiveCfg = Debug|x64
		{B7AE2901-38B3-36CF-BA99-7446F2787EF6}.Debug|x64.Build.0 = Debug|x64
		{7D2C1B08-2C7D-3354-B7F2-46FE85081727}.Release|x64.ActiveCfg = Release|x64
		{7D2C1B08-2C7D-3354-B7F2-46FE85081727}.Release|x64.Build.0 = Release|x64
		{7D2C1B08-2C7D-3354-B7F2-46FE85081727}.Debug|x64.ActiveCfg = Debug|x64
		{7D2C1B08-2C7D-3354-B7F2-46FE85081727}.Debug|x64.Build.0 = Debug|x64
		{CEE28FC7-708E-3003-8157-FBF5760956CD}.Release|x64.ActiveCfg = Release|x64
		{CEE28FC7-708E-3003-8157-FBF5760956CD}.Release|x64.Build.0 = Release|x64
		{CEE28FC7-708E-3003-8157-FBF5760956CD}.Debug|x64.ActiveCfg = Debug|x64
		{CEE28FC7-708E-3003-8157-FBF5760956CD}.Debug|x64.Build.0 = Debug|x64
		{3C5EE5C8-B3EC-3568-9E52-77EA37164371}.Release|x64.ActiveCfg = Release|x64
		{3C5EE5C8-B3EC-3568-9E52-77EA37164371}.Release|x64.Build.0 = Release|x64
		{3C5EE5C8-B3EC-3568-9E52-77EA37164371}.Debug|x64.ActiveCfg = Debug|x64
		{3C5EE5C8-B3EC-3568-9E52-77EA37164371}.Debug|x64.Build.0 = Debug|x64
	EndGlobalSection
	GlobalSection(NestedProjects) = preSolution
		{6A4C2230-1CDD-3405-A65E-BDC0B88FFBCF} = {74F11A97-A360-3606-9780-60748BC231F7}
		{D8A284EF-D3E7-33F0-97B6-41DD0B4C7307} = {A2D8511E-3113-3FC5-ACFA-D379B0857782}
		{1C267790-6BDB-338A-8415-B5B5930386B8} = {A2D8511E-3113-3FC5-ACFA-D379B0857782}
		{8995D8E2-B4BB-32D6-B8B8-C506FB819B0E} = {A2D8511E-3113-3FC5-ACFA-D379B0857782}
		{B583C812-36F2-36B6-844F-D0A454C9C50E} = {D8A284EF-D3E7-33F0-97B6-41DD0B4C7307}
		{895EC89D-924D-3492-A2D9-450F413E148E} = {D8A284EF-D3E7-33F0-97B6-41DD0B4C7307}
		{4DEE994B-08FE-3C57-B394-DD85AA9EBDD5} = {B583C812-36F2-36B6-844F-D0A454C9C50E}
		{072B1F20-F5D6-3E8C-91FD-6D8C66FA29B1} = {B583C812-36F2-36B6-844F-D0A454C9C50E}
		{D592A9A9-2B89-3322-88C9-EAD8BFACC571} = {B583C812-36F2-36B6-844F-D0A454C9C50E}
		{85C8E4BE-A8E9-3E2A-899E-4D94529297C3} = {B583C812-36F2-36B6-844F-D0A454C9C50E}
		{E34FB601-8113-309B-9D44-AB48C7B59EE3} = {B583C812-36F2-36B6-844F-D0A454C9C50E}
		{B6164EB5-1D70-37B0-9358-B458A25B0649} = {B583C812-36F2-36B6-844F-D0A454C9C50E}
		{82C3608B-F8CF-3494-AB1F-B8BD8CB06BB1} = {B583C812-36F2-36B6-844F-D0A454C9C50E}
		{A98396DD-27E2-3843-8BA8-AF5697428C4E} = {B583C812-36F2-36B6-844F-D0A454C9C50E}
		{9C7DFA93-5697-3A54-AC9E-10889ABFC7AE} = {B583C812-36F2-36B6-844F-D0A454C9C50E}
		{E8CFF036-1CD1-3AC4-8EC2-80A3BCDA05A9} = {B583C812-36F2-36B6-844F-D0A454C9C50E}
		{6B5638B2-3DF7-3313-9C53-71CA5EE5B06A} = {B583C812-36F2-36B6-844F-D0A454C9C50E}
		{C16DF4B4-E2D1-3A2E-97F5-DFFC6B467B00} = {B583C812-36F2-36B6-844F-D0A454C9C50E}
		{3E93AF25-7B9A-30C7-BE9C-21C794EFD44C} = {B583C812-36F2-36B6-844F-D0A454C9C50E}
		{7A8BDA2F-9C26-3062-BD0E-54360DC8E1AA} = {B583C812-36F2-36B6-844F-D0A454C9C50E}
		{CE28A139-4A70-349A-A4B2-8EDD0258873B} = {B583C812-36F2-36B6-844F-D0A454C9C50E}
		{53DBD0C9-D389-37E7-A8C2-5AD7369FCD7B} = {B583C812-36F2-36B6-844F-D0A454C9C50E}
		{C967DF13-F66E-3BA8-9529-E15DB23073E2} = {B583C812-36F2-36B6-844F-D0A454C9C50E}
		{FF9906F0-766E-32C7-BD41-B5DC886F1D80} = {B583C812-36F2-36B6-844F-D0A454C9C50E}
		{7D2C1B08-2C7D-3354-B7F2-46FE85081727} = {895EC89D-924D-3492-A2D9-450F413E148E}
		{CEE28FC7-708E-3003-8157-FBF5760956CD} = {895EC89D-924D-3492-A2D9-450F413E148E}
		{3C5EE5C8-B3EC-3568-9E52-77EA37164371} = {895EC89D-924D-3492-A2D9-450F413E148E}
		{B7AE2901-38B3-36CF-BA99-7446F2787EF6} = {19DBC503-EA99-346D-AF0B-193DF66E5D8B}
	EndGlobalSection
	GlobalSection(ExtensibilityGlobals) = postSolution
		SolutionGuid = {024F4B09-D37E-3FBD-B89B-BC31D2CBDAC3}
	EndGlobalSection
	GlobalSection(ExtensibilityAddIns) = postSolution
	EndGlobalSection
EndGlobal
